
Microsoft Visual Studio Solution File, Format Version 12.00
# Visual Studio Version 17
VisualStudioVersion = 17.8.34408.163
MinimumVisualStudioVersion = 10.0.40219.1
Project("{FAE04EC0-301F-11D3-BF4B-00C04F79EFBC}") = "kalkulator", "kalkulator.csproj", "{B0C001E3-6ECD-45B3-A1A1-AFA62E49A623}"
EndProject
Global
	GlobalSection(SolutionConfigurationPlatforms) = preSolution
		Debug|ARM = Debug|ARM
		Debug|ARM64 = Debug|ARM64
		Debug|x64 = Debug|x64
		Debug|x86 = Debug|x86
		Release|ARM = Release|ARM
		Release|ARM64 = Release|ARM64
		Release|x64 = Release|x64
		Release|x86 = Release|x86
	EndGlobalSection
	GlobalSection(ProjectConfigurationPlatforms) = postSolution
		{B0C001E3-6ECD-45B3-A1A1-AFA62E49A623}.Debug|ARM.ActiveCfg = Debug|ARM
		{B0C001E3-6ECD-45B3-A1A1-AFA62E49A623}.Debug|ARM.Build.0 = Debug|ARM
		{B0C001E3-6ECD-45B3-A1A1-AFA62E49A623}.Debug|ARM.Deploy.0 = Debug|ARM
		{B0C001E3-6ECD-45B3-A1A1-AFA62E49A623}.Debug|ARM64.ActiveCfg = Debug|ARM64
		{B0C001E3-6ECD-45B3-A1A1-AFA62E49A623}.Debug|ARM64.Build.0 = Debug|ARM64
		{B0C001E3-6ECD-45B3-A1A1-AFA62E49A623}.Debug|ARM64.Deploy.0 = Debug|ARM64
		{B0C001E3-6ECD-45B3-A1A1-AFA62E49A623}.Debug|x64.ActiveCfg = Debug|x64
		{B0C001E3-6ECD-45B3-A1A1-AFA62E49A623}.Debug|x64.Build.0 = Debug|x64
		{B0C001E3-6ECD-45B3-A1A1-AFA62E49A623}.Debug|x64.Deploy.0 = Debug|x64
		{B0C001E3-6ECD-45B3-A1A1-AFA62E49A623}.Debug|x86.ActiveCfg = Debug|x86
		{B0C001E3-6ECD-45B3-A1A1-AFA62E49A623}.Debug|x86.Build.0 = Debug|x86
		{B0C001E3-6ECD-45B3-A1A1-AFA62E49A623}.Debug|x86.Deploy.0 = Debug|x86
		{B0C001E3-6ECD-45B3-A1A1-AFA62E49A623}.Release|ARM.ActiveCfg = Release|ARM
		{B0C001E3-6ECD-45B3-A1A1-AFA62E49A623}.Release|ARM.Build.0 = Release|ARM
		{B0C001E3-6ECD-45B3-A1A1-AFA62E49A623}.Release|ARM.Deploy.0 = Release|ARM
		{B0C001E3-6ECD-45B3-A1A1-AFA62E49A623}.Release|ARM64.ActiveCfg = Release|ARM64
		{B0C001E3-6ECD-45B3-A1A1-AFA62E49A623}.Release|ARM64.Build.0 = Release|ARM64
		{B0C001E3-6ECD-45B3-A1A1-AFA62E49A623}.Release|ARM64.Deploy.0 = Release|ARM64
		{B0C001E3-6ECD-45B3-A1A1-AFA62E49A623}.Release|x64.ActiveCfg = Release|x64
		{B0C001E3-6ECD-45B3-A1A1-AFA62E49A623}.Release|x64.Build.0 = Release|x64
		{B0C001E3-6ECD-45B3-A1A1-AFA62E49A623}.Release|x64.Deploy.0 = Release|x64
		{B0C001E3-6ECD-45B3-A1A1-AFA62E49A623}.Release|x86.ActiveCfg = Release|x86
		{B0C001E3-6ECD-45B3-A1A1-AFA62E49A623}.Release|x86.Build.0 = Release|x86
		{B0C001E3-6ECD-45B3-A1A1-AFA62E49A623}.Release|x86.Deploy.0 = Release|x86
	EndGlobalSection
	GlobalSection(SolutionProperties) = preSolution
		HideSolutionNode = FALSE
	EndGlobalSection
	GlobalSection(ExtensibilityGlobals) = postSolution
		SolutionGuid = {0BB8ACA7-83F9-497F-8D5D-5AA52CF0CB06}
	EndGlobalSection
EndGlobal
